
Microsoft Visual Studio Solution File, Format Version 12.00
# Visual Studio 15
VisualStudioVersion = 15.0.27004.2010
MinimumVisualStudioVersion = 10.0.40219.1
Project("{FAE04EC0-301F-11D3-BF4B-00C04F79EFBC}") = "UltimateBot", "UltimateBot\UltimateBot.csproj", "{174B5286-06CC-4E1A-9FF5-5A648A308564}"
EndProject
Global
	GlobalSection(SolutionConfigurationPlatforms) = preSolution
		Debug|Any CPU = Debug|Any CPU
		Release|Any CPU = Release|Any CPU
	EndGlobalSection
	GlobalSection(ProjectConfigurationPlatforms) = postSolution
		{174B5286-06CC-4E1A-9FF5-5A648A308564}.Debug|Any CPU.ActiveCfg = Debug|Any CPU
		{174B5286-06CC-4E1A-9FF5-5A648A308564}.Debug|Any CPU.Build.0 = Debug|Any CPU
		{174B5286-06CC-4E1A-9FF5-5A648A308564}.Release|Any CPU.ActiveCfg = Release|Any CPU
		{174B5286-06CC-4E1A-9FF5-5A648A308564}.Release|Any CPU.Build.0 = Release|Any CPU
	EndGlobalSection
	GlobalSection(SolutionProperties) = preSolution
		HideSolutionNode = FALSE
	EndGlobalSection
	GlobalSection(ExtensibilityGlobals) = postSolution
		SolutionGuid = {CE7FD4C9-0477-44CF-B87D-D30381813990}
	EndGlobalSection
EndGlobal
